github.com/emicklei/proto v1.6.8 h1:TgJKjY0I1cec7Xtj0dJGnxXHP0TJRGaqGW44waWqaLA=
github.com/emicklei/proto v1.6.8/go.mod h1:Dqn751twH9SasYqvA59Lb9Hz+itoJgmMoivX6k7OPZc=
github.com/emicklei/proto v1.6.11 h1:KZHE0+iwVLth2D/K8jat9rs70K6TFWyol8ihrOdrbM0=
github.com/emicklei/proto v1.6.11/go.mod h1:rn1FgRS/FANiZdD2djyH7TMA9jdRDcYQ9IEN9yvjX0A=
