github.com/emicklei/proto v1.11.1 h1:CBZwNVwPJvkdevxvsoCuFedF9ENiBz0saen3L9y0OTA=
github.com/emicklei/proto v1.11.1/go.mod h1:rn1FgRS/FANiZdD2djyH7TMA9jdRDcYQ9IEN9yvjX0A=
github.com/emicklei/proto v1.12.2 h1:ZDyDzrfMt7ncmyor/j07uoOCGLKtU5F87vTPwIzLe/o=
github.com/emicklei/proto v1.12.2/go.mod h1:rn1FgRS/FANiZdD2djyH7TMA9jdRDcYQ9IEN9yvjX0A=
