# This file is autogenerated, do not edit; changes may be undone by the next 'dep ensure'.


[[projects]]
  name = "github.com/emicklei/proto"
  packages = ["."]
  revision = "581110db3e291016c1dc116289492ffa73f7192d"
  version = "v1.3.0"

[[projects]]
  branch = "master"
  name = "github.com/emicklei/proto-contrib"
  packages = ["pkg/protofmt"]
  revision = "1a0b77302cc833fcf469702a8737b893a91a905c"

[solve-meta]
  analyzer-name = "dep"
  analyzer-version = 1
  inputs-digest = "2e6f87ebcf619ebc59748bfb0976abc7568d5256032ddd3ff3d7343bc0801eff"
  solver-name = "gps-cdcl"
  solver-version = 1
